
Microsoft Visual Studio Solution File, Format Version 12.00
# Visual Studio Version 17
VisualStudioVersion = 17.10.35027.167
MinimumVisualStudioVersion = 10.0.40219.1
Project("{FAE04EC0-301F-11D3-BF4B-00C04F79EFBC}") = "les_variabelen_conditionele", "les_variabelen_conditionele.csproj", "{1AA4D28E-720D-4DD8-B6EE-E3F5EE351FDB}"
EndProject
Global
	GlobalSection(SolutionConfigurationPlatforms) = preSolution
		Debug|Any CPU = Debug|Any CPU
		Release|Any CPU = Release|Any CPU
	EndGlobalSection
	GlobalSection(ProjectConfigurationPlatforms) = postSolution
		{1AA4D28E-720D-4DD8-B6EE-E3F5EE351FDB}.Debug|Any CPU.ActiveCfg = Debug|Any CPU
		{1AA4D28E-720D-4DD8-B6EE-E3F5EE351FDB}.Debug|Any CPU.Build.0 = Debug|Any CPU
		{1AA4D28E-720D-4DD8-B6EE-E3F5EE351FDB}.Release|Any CPU.ActiveCfg = Release|Any CPU
		{1AA4D28E-720D-4DD8-B6EE-E3F5EE351FDB}.Release|Any CPU.Build.0 = Release|Any CPU
	EndGlobalSection
	GlobalSection(SolutionProperties) = preSolution
		HideSolutionNode = FALSE
	EndGlobalSection
	GlobalSection(ExtensibilityGlobals) = postSolution
		SolutionGuid = {81E2BD88-F196-4D5C-B910-EC5AF347ECD8}
	EndGlobalSection
EndGlobal
